
Microsoft Visual Studio Solution File, Format Version 12.00
# Visual Studio Version 16
VisualStudioVersion = 16.0.31410.357
MinimumVisualStudioVersion = 10.0.40219.1
Project("{FAE04EC0-301F-11D3-BF4B-00C04F79EFBC}") = "WaveGridImageMachine", "D:\Repos\WaveGridImageMachine\WaveGridImageMachine\WaveGridImageMachine.csproj", "{38AC7C73-8E45-4B05-BF25-3620838BFCDC}"
EndProject
Global
	GlobalSection(SolutionConfigurationPlatforms) = preSolution
		Debug|Any CPU = Debug|Any CPU
		Release|Any CPU = Release|Any CPU
	EndGlobalSection
	GlobalSection(ProjectConfigurationPlatforms) = postSolution
		{38AC7C73-8E45-4B05-BF25-3620838BFCDC}.Debug|Any CPU.ActiveCfg = Debug|Any CPU
		{38AC7C73-8E45-4B05-BF25-3620838BFCDC}.Debug|Any CPU.Build.0 = Debug|Any CPU
		{38AC7C73-8E45-4B05-BF25-3620838BFCDC}.Release|Any CPU.ActiveCfg = Release|Any CPU
		{38AC7C73-8E45-4B05-BF25-3620838BFCDC}.Release|Any CPU.Build.0 = Release|Any CPU
	EndGlobalSection
	GlobalSection(SolutionProperties) = preSolution
		HideSolutionNode = FALSE
	EndGlobalSection
	GlobalSection(ExtensibilityGlobals) = postSolution
		SolutionGuid = {C7CFD4BC-BCE3-4F80-892C-B95E3500ACFD}
	EndGlobalSection
EndGlobal
